
Microsoft Visual Studio Solution File, Format Version 12.00
# Visual Studio Version 17
VisualStudioVersion = 17.5.002.0
MinimumVisualStudioVersion = 10.0.40219.1
Project("{9A19103F-16F7-4668-BE54-9A1E7A4F7556}") = "RedisApi", "RedisApi.csproj", "{D0F50EA8-DCC5-425D-BC94-838470FFFD00}"
EndProject
Global
	GlobalSection(SolutionConfigurationPlatforms) = preSolution
		Debug|Any CPU = Debug|Any CPU
		Release|Any CPU = Release|Any CPU
	EndGlobalSection
	GlobalSection(ProjectConfigurationPlatforms) = postSolution
		{D0F50EA8-DCC5-425D-BC94-838470FFFD00}.Debug|Any CPU.ActiveCfg = Debug|Any CPU
		{D0F50EA8-DCC5-425D-BC94-838470FFFD00}.Debug|Any CPU.Build.0 = Debug|Any CPU
		{D0F50EA8-DCC5-425D-BC94-838470FFFD00}.Release|Any CPU.ActiveCfg = Release|Any CPU
		{D0F50EA8-DCC5-425D-BC94-838470FFFD00}.Release|Any CPU.Build.0 = Release|Any CPU
	EndGlobalSection
	GlobalSection(SolutionProperties) = preSolution
		HideSolutionNode = FALSE
	EndGlobalSection
	GlobalSection(ExtensibilityGlobals) = postSolution
		SolutionGuid = {BEA9D791-380C-47AC-B699-CACCE8CC4074}
	EndGlobalSection
EndGlobal
